
Microsoft Visual Studio Solution File, Format Version 12.00
# Visual Studio 15
VisualStudioVersion = 15.0.28010.2003
MinimumVisualStudioVersion = 10.0.40219.1
Project("{FAE04EC0-301F-11D3-BF4B-00C04F79EFBC}") = "InterfacePlay", "InterfacePlay\InterfacePlay.csproj", "{39FF7746-499F-47B9-BA9F-C2C07402DD8A}"
EndProject
Global
	GlobalSection(SolutionConfigurationPlatforms) = preSolution
		Debug|Any CPU = Debug|Any CPU
		Release|Any CPU = Release|Any CPU
	EndGlobalSection
	GlobalSection(ProjectConfigurationPlatforms) = postSolution
		{39FF7746-499F-47B9-BA9F-C2C07402DD8A}.Debug|Any CPU.ActiveCfg = Debug|Any CPU
		{39FF7746-499F-47B9-BA9F-C2C07402DD8A}.Debug|Any CPU.Build.0 = Debug|Any CPU
		{39FF7746-499F-47B9-BA9F-C2C07402DD8A}.Release|Any CPU.ActiveCfg = Release|Any CPU
		{39FF7746-499F-47B9-BA9F-C2C07402DD8A}.Release|Any CPU.Build.0 = Release|Any CPU
	EndGlobalSection
	GlobalSection(SolutionProperties) = preSolution
		HideSolutionNode = FALSE
	EndGlobalSection
	GlobalSection(ExtensibilityGlobals) = postSolution
		SolutionGuid = {00631098-66D9-4620-BA8C-ED33DEF4DA70}
	EndGlobalSection
EndGlobal
