
Microsoft Visual Studio Solution File, Format Version 12.00
# Visual Studio 15
VisualStudioVersion = 15.0.28010.2003
MinimumVisualStudioVersion = 10.0.40219.1
Project("{FAE04EC0-301F-11D3-BF4B-00C04F79EFBC}") = "Exercise", "Exercise\Exercise.csproj", "{5F104782-D949-43D1-A0B1-13836407E49B}"
EndProject
Global
	GlobalSection(SolutionConfigurationPlatforms) = preSolution
		Debug|Any CPU = Debug|Any CPU
		Release|Any CPU = Release|Any CPU
	EndGlobalSection
	GlobalSection(ProjectConfigurationPlatforms) = postSolution
		{5F104782-D949-43D1-A0B1-13836407E49B}.Debug|Any CPU.ActiveCfg = Debug|Any CPU
		{5F104782-D949-43D1-A0B1-13836407E49B}.Debug|Any CPU.Build.0 = Debug|Any CPU
		{5F104782-D949-43D1-A0B1-13836407E49B}.Release|Any CPU.ActiveCfg = Release|Any CPU
		{5F104782-D949-43D1-A0B1-13836407E49B}.Release|Any CPU.Build.0 = Release|Any CPU
	EndGlobalSection
	GlobalSection(SolutionProperties) = preSolution
		HideSolutionNode = FALSE
	EndGlobalSection
	GlobalSection(ExtensibilityGlobals) = postSolution
		SolutionGuid = {D4956FE8-E256-43E5-9B8A-58E738F67B58}
	EndGlobalSection
EndGlobal
