
Microsoft Visual Studio Solution File, Format Version 12.00
# Visual Studio 15
VisualStudioVersion = 15.0.28010.2003
MinimumVisualStudioVersion = 10.0.40219.1
Project("{FAE04EC0-301F-11D3-BF4B-00C04F79EFBC}") = "GitDemoApp", "GitDemoApp\GitDemoApp.csproj", "{B0583478-D1A6-4AA5-9498-BC7D93D34A21}"
EndProject
Global
	GlobalSection(SolutionConfigurationPlatforms) = preSolution
		Debug|Any CPU = Debug|Any CPU
		Release|Any CPU = Release|Any CPU
	EndGlobalSection
	GlobalSection(ProjectConfigurationPlatforms) = postSolution
		{B0583478-D1A6-4AA5-9498-BC7D93D34A21}.Debug|Any CPU.ActiveCfg = Debug|Any CPU
		{B0583478-D1A6-4AA5-9498-BC7D93D34A21}.Debug|Any CPU.Build.0 = Debug|Any CPU
		{B0583478-D1A6-4AA5-9498-BC7D93D34A21}.Release|Any CPU.ActiveCfg = Release|Any CPU
		{B0583478-D1A6-4AA5-9498-BC7D93D34A21}.Release|Any CPU.Build.0 = Release|Any CPU
	EndGlobalSection
	GlobalSection(SolutionProperties) = preSolution
		HideSolutionNode = FALSE
	EndGlobalSection
	GlobalSection(ExtensibilityGlobals) = postSolution
		SolutionGuid = {10F784DD-4DE6-41A7-ADE1-5395519D546B}
	EndGlobalSection
EndGlobal
